
Microsoft Visual Studio Solution File, Format Version 12.00
# Visual Studio Version 16
VisualStudioVersion = 25.0.1705.4
MinimumVisualStudioVersion = 10.0.40219.1
Project("{FAE04EC0-301F-11D3-BF4B-00C04F79EFBC}") = "CoffeeApiV2", "CoffeeApiV2.csproj", "{5C240FD5-E8BD-450D-8BD2-5C8880F6B1D0}"
EndProject
Global
	GlobalSection(SolutionConfigurationPlatforms) = preSolution
		Debug|Any CPU = Debug|Any CPU
		Release|Any CPU = Release|Any CPU
	EndGlobalSection
	GlobalSection(ProjectConfigurationPlatforms) = postSolution
		{5C240FD5-E8BD-450D-8BD2-5C8880F6B1D0}.Debug|Any CPU.ActiveCfg = Debug|Any CPU
		{5C240FD5-E8BD-450D-8BD2-5C8880F6B1D0}.Debug|Any CPU.Build.0 = Debug|Any CPU
		{5C240FD5-E8BD-450D-8BD2-5C8880F6B1D0}.Release|Any CPU.ActiveCfg = Release|Any CPU
		{5C240FD5-E8BD-450D-8BD2-5C8880F6B1D0}.Release|Any CPU.Build.0 = Release|Any CPU
	EndGlobalSection
	GlobalSection(SolutionProperties) = preSolution
		HideSolutionNode = FALSE
	EndGlobalSection
	GlobalSection(ExtensibilityGlobals) = postSolution
		SolutionGuid = {007D4F8D-4E56-4C3C-B025-1BF71B167E2D}
	EndGlobalSection
EndGlobal
